
Microsoft Visual Studio Solution File, Format Version 12.00
# Blend for Visual Studio 15
VisualStudioVersion = 15.0.28010.2036
MinimumVisualStudioVersion = 10.0.40219.1
Project("{FAE04EC0-301F-11D3-BF4B-00C04F79EFBC}") = "WPF_hello", "WPF_hello\WPF_hello.csproj", "{10CA9C97-5D85-41B9-B489-0FF6987EC8FE}"
EndProject
Global
	GlobalSection(SolutionConfigurationPlatforms) = preSolution
		Debug|Any CPU = Debug|Any CPU
		Release|Any CPU = Release|Any CPU
	EndGlobalSection
	GlobalSection(ProjectConfigurationPlatforms) = postSolution
		{10CA9C97-5D85-41B9-B489-0FF6987EC8FE}.Debug|Any CPU.ActiveCfg = Debug|Any CPU
		{10CA9C97-5D85-41B9-B489-0FF6987EC8FE}.Debug|Any CPU.Build.0 = Debug|Any CPU
		{10CA9C97-5D85-41B9-B489-0FF6987EC8FE}.Release|Any CPU.ActiveCfg = Release|Any CPU
		{10CA9C97-5D85-41B9-B489-0FF6987EC8FE}.Release|Any CPU.Build.0 = Release|Any CPU
	EndGlobalSection
	GlobalSection(SolutionProperties) = preSolution
		HideSolutionNode = FALSE
	EndGlobalSection
	GlobalSection(ExtensibilityGlobals) = postSolution
		SolutionGuid = {504294E2-354A-4460-AEBE-3B6384FFCF30}
	EndGlobalSection
EndGlobal
